
Microsoft Visual Studio Solution File, Format Version 12.00
# Visual Studio Version 17
VisualStudioVersion = 17.10.35027.167
MinimumVisualStudioVersion = 10.0.40219.1
Project("{FAE04EC0-301F-11D3-BF4B-00C04F79EFBC}") = "pryLunaMConexionBD", "pryLunaMConexionBD\pryLunaMConexionBD.csproj", "{EA825162-4DBA-491A-B63F-9857234D705C}"
EndProject
Global
	GlobalSection(SolutionConfigurationPlatforms) = preSolution
		Debug|Any CPU = Debug|Any CPU
		Release|Any CPU = Release|Any CPU
	EndGlobalSection
	GlobalSection(ProjectConfigurationPlatforms) = postSolution
		{EA825162-4DBA-491A-B63F-9857234D705C}.Debug|Any CPU.ActiveCfg = Debug|Any CPU
		{EA825162-4DBA-491A-B63F-9857234D705C}.Debug|Any CPU.Build.0 = Debug|Any CPU
		{EA825162-4DBA-491A-B63F-9857234D705C}.Release|Any CPU.ActiveCfg = Release|Any CPU
		{EA825162-4DBA-491A-B63F-9857234D705C}.Release|Any CPU.Build.0 = Release|Any CPU
	EndGlobalSection
	GlobalSection(SolutionProperties) = preSolution
		HideSolutionNode = FALSE
	EndGlobalSection
	GlobalSection(ExtensibilityGlobals) = postSolution
		SolutionGuid = {CFBE8638-BF30-424C-A42F-5831D0F0D712}
	EndGlobalSection
EndGlobal
